
Microsoft Visual Studio Solution File, Format Version 12.00
# Visual Studio 2013
VisualStudioVersion = 12.0.21005.1
MinimumVisualStudioVersion = 10.0.40219.1
Project("{FAE04EC0-301F-11D3-BF4B-00C04F79EFBC}") = "GUI", "XDPM\GUI.csproj", "{EDFEAD79-3011-4A3D-AFD8-925BAA06E0D9}"
EndProject
Project("{FAE04EC0-301F-11D3-BF4B-00C04F79EFBC}") = "DAL", "DAL\DAL.csproj", "{3C7519F2-75CB-43DE-AB84-848BC380542B}"
EndProject
Project("{FAE04EC0-301F-11D3-BF4B-00C04F79EFBC}") = "BUS", "BUS\BUS.csproj", "{8423251A-FAC4-4C34-ADE9-E6040DE02657}"
EndProject
Project("{FAE04EC0-301F-11D3-BF4B-00C04F79EFBC}") = "WEB", "WEB\WEB.csproj", "{8A6ABB40-5AF4-4714-8EF3-F7E4479052C9}"
EndProject
Global
	GlobalSection(SolutionConfigurationPlatforms) = preSolution
		Debug|Any CPU = Debug|Any CPU
		Release|Any CPU = Release|Any CPU
	EndGlobalSection
	GlobalSection(ProjectConfigurationPlatforms) = postSolution
		{EDFEAD79-3011-4A3D-AFD8-925BAA06E0D9}.Debug|Any CPU.ActiveCfg = Debug|Any CPU
		{EDFEAD79-3011-4A3D-AFD8-925BAA06E0D9}.Debug|Any CPU.Build.0 = Debug|Any CPU
		{EDFEAD79-3011-4A3D-AFD8-925BAA06E0D9}.Release|Any CPU.ActiveCfg = Release|Any CPU
		{EDFEAD79-3011-4A3D-AFD8-925BAA06E0D9}.Release|Any CPU.Build.0 = Release|Any CPU
		{3C7519F2-75CB-43DE-AB84-848BC380542B}.Debug|Any CPU.ActiveCfg = Debug|Any CPU
		{3C7519F2-75CB-43DE-AB84-848BC380542B}.Debug|Any CPU.Build.0 = Debug|Any CPU
		{3C7519F2-75CB-43DE-AB84-848BC380542B}.Release|Any CPU.ActiveCfg = Release|Any CPU
		{3C7519F2-75CB-43DE-AB84-848BC380542B}.Release|Any CPU.Build.0 = Release|Any CPU
		{8423251A-FAC4-4C34-ADE9-E6040DE02657}.Debug|Any CPU.ActiveCfg = Debug|Any CPU
		{8423251A-FAC4-4C34-ADE9-E6040DE02657}.Debug|Any CPU.Build.0 = Debug|Any CPU
		{8423251A-FAC4-4C34-ADE9-E6040DE02657}.Release|Any CPU.ActiveCfg = Release|Any CPU
		{8423251A-FAC4-4C34-ADE9-E6040DE02657}.Release|Any CPU.Build.0 = Release|Any CPU
		{8A6ABB40-5AF4-4714-8EF3-F7E4479052C9}.Debug|Any CPU.ActiveCfg = Debug|Any CPU
		{8A6ABB40-5AF4-4714-8EF3-F7E4479052C9}.Debug|Any CPU.Build.0 = Debug|Any CPU
		{8A6ABB40-5AF4-4714-8EF3-F7E4479052C9}.Release|Any CPU.ActiveCfg = Release|Any CPU
		{8A6ABB40-5AF4-4714-8EF3-F7E4479052C9}.Release|Any CPU.Build.0 = Release|Any CPU
	EndGlobalSection
	GlobalSection(SolutionProperties) = preSolution
		HideSolutionNode = FALSE
	EndGlobalSection
EndGlobal
